{
  "nodes": {
    "nixpkgs": {
      "locked": {
        "lastModified": 1678237502,
        "narHash": "sha256-J4cAbmC9RK+Jus3U88WaxkTsnNlZSroE2xZ9A0rSxL4=",
        "owner": "nixos",
        "repo": "nixpkgs",
        "rev": "1eeea1f1922fb79a36008ba744310ccbf96130e2",
        "type": "github"
      },
      "original": {
        "owner": "nixos",
        "ref": "nixpkgs-unstable",
        "repo": "nixpkgs",
        "type": "github"
      }
    },
    "root": {
      "inputs": {
        "nixpkgs": "nixpkgs"
      }
    }
  },
  "root": "root",
  "version": 7
}
