{
  "nodes": {
    "nixpkgs": {
      "locked": {
        "lastModified": 1677341534,
        "narHash": "sha256-zqaJuOTnKzg5AubC4rzzJ/IS5kU5n4U7vxosv1Fv8Ug=",
        "owner": "nixos",
        "repo": "nixpkgs",
        "rev": "7076110064c09f0b3942f609f2134c1358ef2e50",
        "type": "github"
      },
      "original": {
        "owner": "nixos",
        "ref": "nixos-22.11",
        "repo": "nixpkgs",
        "type": "github"
      }
    },
    "root": {
      "inputs": {
        "nixpkgs": "nixpkgs"
      }
    }
  },
  "root": "root",
  "version": 7
}
